// !$*UTF8*$!
{
	archiveVersion = 1;
	classes = {
	};
	objectVersion = 50;
	objects = {

/* Begin PBXBuildFile section */
		6AE41A24265AE9F400AB3354 /* NewsViewController.swift in Sources */ = {isa = PBXBuildFile; fileRef = 6AE41A23265AE9F400AB3354 /* NewsViewController.swift */; };
		6AE41A26265AF60D00AB3354 /* NewsCell.swift in Sources */ = {isa = PBXBuildFile; fileRef = 6AE41A25265AF60D00AB3354 /* NewsCell.swift */; };
		A36131FF264E2B7E0063E22C /* AppDelegate.swift in Sources */ = {isa = PBXBuildFile; fileRef = A36131FE264E2B7E0063E22C /* AppDelegate.swift */; };
		A3613201264E2B7E0063E22C /* SceneDelegate.swift in Sources */ = {isa = PBXBuildFile; fileRef = A3613200264E2B7E0063E22C /* SceneDelegate.swift */; };
		A3613206264E2B7E0063E22C /* Main.storyboard in Resources */ = {isa = PBXBuildFile; fileRef = A3613204264E2B7E0063E22C /* Main.storyboard */; };
		A3613208264E2B7E0063E22C /* Assets.xcassets in Resources */ = {isa = PBXBuildFile; fileRef = A3613207264E2B7E0063E22C /* Assets.xcassets */; };
		A361320B264E2B7E0063E22C /* LaunchScreen.storyboard in Resources */ = {isa = PBXBuildFile; fileRef = A3613209264E2B7E0063E22C /* LaunchScreen.storyboard */; };
		A3613216264E2B7E0063E22C /* NewsAppTests.swift in Sources */ = {isa = PBXBuildFile; fileRef = A3613215264E2B7E0063E22C /* NewsAppTests.swift */; };
		A3613221264E2B7F0063E22C /* NewsAppUITests.swift in Sources */ = {isa = PBXBuildFile; fileRef = A3613220264E2B7F0063E22C /* NewsAppUITests.swift */; };
/* End PBXBuildFile section */

/* Begin PBXContainerItemProxy section */
		A3613212264E2B7E0063E22C /* PBXContainerItemProxy */ = {
			isa = PBXContainerItemProxy;
			containerPortal = A36131F3264E2B7E0063E22C /* Project object */;
			proxyType = 1;
			remoteGlobalIDString = A36131FA264E2B7E0063E22C;
			remoteInfo = NewsApp;
		};
		A361321D264E2B7F0063E22C /* PBXContainerItemProxy */ = {
			isa = PBXContainerItemProxy;
			containerPortal = A36131F3264E2B7E0063E22C /* Project object */;
			proxyType = 1;
			remoteGlobalIDString = A36131FA264E2B7E0063E22C;
			remoteInfo = NewsApp;
		};
/* End PBXContainerItemProxy section */

/* Begin PBXFileReference section */
		6AE41A23265AE9F400AB3354 /* NewsViewController.swift */ = {isa = PBXFileReference; lastKnownFileType = sourcecode.swift; path = NewsViewController.swift; sourceTree = "<group>"; };
		6AE41A25265AF60D00AB3354 /* NewsCell.swift */ = {isa = PBXFileReference; lastKnownFileType = sourcecode.swift; path = NewsCell.swift; sourceTree = "<group>"; };
		A36131FB264E2B7E0063E22C /* NewsApp.app */ = {isa = PBXFileReference; explicitFileType = wrapper.application; includeInIndex = 0; path = NewsApp.app; sourceTree = BUILT_PRODUCTS_DIR; };
		A36131FE264E2B7E0063E22C /* AppDelegate.swift */ = {isa = PBXFileReference; lastKnownFileType = sourcecode.swift; path = AppDelegate.swift; sourceTree = "<group>"; };
		A3613200264E2B7E0063E22C /* SceneDelegate.swift */ = {isa = PBXFileReference; lastKnownFileType = sourcecode.swift; path = SceneDelegate.swift; sourceTree = "<group>"; };
		A3613205264E2B7E0063E22C /* Base */ = {isa = PBXFileReference; lastKnownFileType = file.storyboard; name = Base; path = Base.lproj/Main.storyboard; sourceTree = "<group>"; };
		A3613207264E2B7E0063E22C /* Assets.xcassets */ = {isa = PBXFileReference; lastKnownFileType = folder.assetcatalog; path = Assets.xcassets; sourceTree = "<group>"; };
		A361320A264E2B7E0063E22C /* Base */ = {isa = PBXFileReference; lastKnownFileType = file.storyboard; name = Base; path = Base.lproj/LaunchScreen.storyboard; sourceTree = "<group>"; };
		A361320C264E2B7E0063E22C /* Info.plist */ = {isa = PBXFileReference; lastKnownFileType = text.plist.xml; path = Info.plist; sourceTree = "<group>"; };
		A3613211264E2B7E0063E22C /* NewsAppTests.xctest */ = {isa = PBXFileReference; explicitFileType = wrapper.cfbundle; includeInIndex = 0; path = NewsAppTests.xctest; sourceTree = BUILT_PRODUCTS_DIR; };
		A3613215264E2B7E0063E22C /* NewsAppTests.swift */ = {isa = PBXFileReference; lastKnownFileType = sourcecode.swift; path = NewsAppTests.swift; sourceTree = "<group>"; };
		A3613217264E2B7E0063E22C /* Info.plist */ = {isa = PBXFileReference; lastKnownFileType = text.plist.xml; path = Info.plist; sourceTree = "<group>"; };
		A361321C264E2B7F0063E22C /* NewsAppUITests.xctest */ = {isa = PBXFileReference; explicitFileType = wrapper.cfbundle; includeInIndex = 0; path = NewsAppUITests.xctest; sourceTree = BUILT_PRODUCTS_DIR; };
		A3613220264E2B7F0063E22C /* NewsAppUITests.swift */ = {isa = PBXFileReference; lastKnownFileType = sourcecode.swift; path = NewsAppUITests.swift; sourceTree = "<group>"; };
		A3613222264E2B7F0063E22C /* Info.plist */ = {isa = PBXFileReference; lastKnownFileType = text.plist.xml; path = Info.plist; sourceTree = "<group>"; };
/* End PBXFileReference section */

/* Begin PBXFrameworksBuildPhase section */
		A36131F8264E2B7E0063E22C /* Frameworks */ = {
			isa = PBXFrameworksBuildPhase;
			buildActionMask = 2147483647;
			files = (
			);
			runOnlyForDeploymentPostprocessing = 0;
		};
		A361320E264E2B7E0063E22C /* Frameworks */ = {
			isa = PBXFrameworksBuildPhase;
			buildActionMask = 2147483647;
			files = (
			);
			runOnlyForDeploymentPostprocessing = 0;
		};
		A3613219264E2B7F0063E22C /* Frameworks */ = {
			isa = PBXFrameworksBuildPhase;
			buildActionMask = 2147483647;
			files = (
			);
			runOnlyForDeploymentPostprocessing = 0;
		};
/* End PBXFrameworksBuildPhase section */

/* Begin PBXGroup section */
		A36131F2264E2B7E0063E22C = {
			isa = PBXGroup;
			children = (
				A36131FD264E2B7E0063E22C /* NewsApp */,
				A3613214264E2B7E0063E22C /* NewsAppTests */,
				A361321F264E2B7F0063E22C /* NewsAppUITests */,
				A36131FC264E2B7E0063E22C /* Products */,
			);
			sourceTree = "<group>";
		};
		A36131FC264E2B7E0063E22C /* Products */ = {
			isa = PBXGroup;
			children = (
				A36131FB264E2B7E0063E22C /* NewsApp.app */,
				A3613211264E2B7E0063E22C /* NewsAppTests.xctest */,
				A361321C264E2B7F0063E22C /* NewsAppUITests.xctest */,
			);
			name = Products;
			sourceTree = "<group>";
		};
		A36131FD264E2B7E0063E22C /* NewsApp */ = {
			isa = PBXGroup;
			children = (
				A36131FE264E2B7E0063E22C /* AppDelegate.swift */,
				A3613200264E2B7E0063E22C /* SceneDelegate.swift */,
				A3613204264E2B7E0063E22C /* Main.storyboard */,
				A3613207264E2B7E0063E22C /* Assets.xcassets */,
				A3613209264E2B7E0063E22C /* LaunchScreen.storyboard */,
				A361320C264E2B7E0063E22C /* Info.plist */,
				6AE41A23265AE9F400AB3354 /* NewsViewController.swift */,
				6AE41A25265AF60D00AB3354 /* NewsCell.swift */,
			);
			path = NewsApp;
			sourceTree = "<group>";
		};
		A3613214264E2B7E0063E22C /* NewsAppTests */ = {
			isa = PBXGroup;
			children = (
				A3613215264E2B7E0063E22C /* NewsAppTests.swift */,
				A3613217264E2B7E0063E22C /* Info.plist */,
			);
			path = NewsAppTests;
			sourceTree = "<group>";
		};
		A361321F264E2B7F0063E22C /* NewsAppUITests */ = {
			isa = PBXGroup;
			children = (
				A3613220264E2B7F0063E22C /* NewsAppUITests.swift */,
				A3613222264E2B7F0063E22C /* Info.plist */,
			);
			path = NewsAppUITests;
			sourceTree = "<group>";
		};
/* End PBXGroup section */

/* Begin PBXNativeTarget section */
		A36131FA264E2B7E0063E22C /* NewsApp */ = {
			isa = PBXNativeTarget;
			buildConfigurationList = A3613225264E2B7F0063E22C /* Build configuration list for PBXNativeTarget "NewsApp" */;
			buildPhases = (
				A36131F7264E2B7E0063E22C /* Sources */,
				A36131F8264E2B7E0063E22C /* Frameworks */,
				A36131F9264E2B7E0063E22C /* Resources */,
			);
			buildRules = (
			);
			dependencies = (
			);
			name = NewsApp;
			productName = NewsApp;
			productReference = A36131FB264E2B7E0063E22C /* NewsApp.app */;
			productType = "com.apple.product-type.application";
		};
		A3613210264E2B7E0063E22C /* NewsAppTests */ = {
			isa = PBXNativeTarget;
			buildConfigurationList = A3613228264E2B7F0063E22C /* Build configuration list for PBXNativeTarget "NewsAppTests" */;
			buildPhases = (
				A361320D264E2B7E0063E22C /* Sources */,
				A361320E264E2B7E0063E22C /* Frameworks */,
				A361320F264E2B7E0063E22C /* Resources */,
			);
			buildRules = (
			);
			dependencies = (
				A3613213264E2B7E0063E22C /* PBXTargetDependency */,
			);
			name = NewsAppTests;
			productName = NewsAppTests;
			productReference = A3613211264E2B7E0063E22C /* NewsAppTests.xctest */;
			productType = "com.apple.product-type.bundle.unit-test";
		};
		A361321B264E2B7F0063E22C /* NewsAppUITests */ = {
			isa = PBXNativeTarget;
			buildConfigurationList = A361322B264E2B7F0063E22C /* Build configuration list for PBXNativeTarget "NewsAppUITests" */;
			buildPhases = (
				A3613218264E2B7F0063E22C /* Sources */,
				A3613219264E2B7F0063E22C /* Frameworks */,
				A361321A264E2B7F0063E22C /* Resources */,
			);
			buildRules = (
			);
			dependencies = (
				A361321E264E2B7F0063E22C /* PBXTargetDependency */,
			);
			name = NewsAppUITests;
			productName = NewsAppUITests;
			productReference = A361321C264E2B7F0063E22C /* NewsAppUITests.xctest */;
			productType = "com.apple.product-type.bundle.ui-testing";
		};
/* End PBXNativeTarget section */

/* Begin PBXProject section */
		A36131F3264E2B7E0063E22C /* Project object */ = {
			isa = PBXProject;
			attributes = {
				LastSwiftUpdateCheck = 1240;
				LastUpgradeCheck = 1240;
				TargetAttributes = {
					A36131FA264E2B7E0063E22C = {
						CreatedOnToolsVersion = 12.4;
					};
					A3613210264E2B7E0063E22C = {
						CreatedOnToolsVersion = 12.4;
						TestTargetID = A36131FA264E2B7E0063E22C;
					};
					A361321B264E2B7F0063E22C = {
						CreatedOnToolsVersion = 12.4;
						TestTargetID = A36131FA264E2B7E0063E22C;
					};
				};
			};
			buildConfigurationList = A36131F6264E2B7E0063E22C /* Build configuration list for PBXProject "NewsApp" */;
			compatibilityVersion = "Xcode 9.3";
			developmentRegion = en;
			hasScannedForEncodings = 0;
			knownRegions = (
				en,
				Base,
			);
			mainGroup = A36131F2264E2B7E0063E22C;
			productRefGroup = A36131FC264E2B7E0063E22C /* Products */;
			projectDirPath = "";
			projectRoot = "";
			targets = (
				A36131FA264E2B7E0063E22C /* NewsApp */,
				A3613210264E2B7E0063E22C /* NewsAppTests */,
				A361321B264E2B7F0063E22C /* NewsAppUITests */,
			);
		};
/* End PBXProject section */

/* Begin PBXResourcesBuildPhase section */
		A36131F9264E2B7E0063E22C /* Resources */ = {
			isa = PBXResourcesBuildPhase;
			buildActionMask = 2147483647;
			files = (
				A361320B264E2B7E0063E22C /* LaunchScreen.storyboard in Resources */,
				A3613208264E2B7E0063E22C /* Assets.xcassets in Resources */,
				A3613206264E2B7E0063E22C /* Main.storyboard in Resources */,
			);
			runOnlyForDeploymentPostprocessing = 0;
		};
		A361320F264E2B7E0063E22C /* Resources */ = {
			isa = PBXResourcesBuildPhase;
			buildActionMask = 2147483647;
			files = (
			);
			runOnlyForDeploymentPostprocessing = 0;
		};
		A361321A264E2B7F0063E22C /* Resources */ = {
			isa = PBXResourcesBuildPhase;
			buildActionMask = 2147483647;
			files = (
			);
			runOnlyForDeploymentPostprocessing = 0;
		};
/* End PBXResourcesBuildPhase section */

/* Begin PBXSourcesBuildPhase section */
		A36131F7264E2B7E0063E22C /* Sources */ = {
			isa = PBXSourcesBuildPhase;
			buildActionMask = 2147483647;
			files = (
				6AE41A24265AE9F400AB3354 /* NewsViewController.swift in Sources */,
				A36131FF264E2B7E0063E22C /* AppDelegate.swift in Sources */,
				6AE41A26265AF60D00AB3354 /* NewsCell.swift in Sources */,
				A3613201264E2B7E0063E22C /* SceneDelegate.swift in Sources */,
			);
			runOnlyForDeploymentPostprocessing = 0;
		};
		A361320D264E2B7E0063E22C /* Sources */ = {
			isa = PBXSourcesBuildPhase;
			buildActionMask = 2147483647;
			files = (
				A3613216264E2B7E0063E22C /* NewsAppTests.swift in Sources */,
			);
			runOnlyForDeploymentPostprocessing = 0;
		};
		A3613218264E2B7F0063E22C /* Sources */ = {
			isa = PBXSourcesBuildPhase;
			buildActionMask = 2147483647;
			files = (
				A3613221264E2B7F0063E22C /* NewsAppUITests.swift in Sources */,
			);
			runOnlyForDeploymentPostprocessing = 0;
		};
/* End PBXSourcesBuildPhase section */

/* Begin PBXTargetDependency section */
		A3613213264E2B7E0063E22C /* PBXTargetDependency */ = {
			isa = PBXTargetDependency;
			target = A36131FA264E2B7E0063E22C /* NewsApp */;
			targetProxy = A3613212264E2B7E0063E22C /* PBXContainerItemProxy */;
		};
		A361321E264E2B7F0063E22C /* PBXTargetDependency */ = {
			isa = PBXTargetDependency;
			target = A36131FA264E2B7E0063E22C /* NewsApp */;
			targetProxy = A361321D264E2B7F0063E22C /* PBXContainerItemProxy */;
		};
/* End PBXTargetDependency section */

/* Begin PBXVariantGroup section */
		A3613204264E2B7E0063E22C /* Main.storyboard */ = {
			isa = PBXVariantGroup;
			children = (
				A3613205264E2B7E0063E22C /* Base */,
			);
			name = Main.storyboard;
			sourceTree = "<group>";
		};
		A3613209264E2B7E0063E22C /* LaunchScreen.storyboard */ = {
			isa = PBXVariantGroup;
			children = (
				A361320A264E2B7E0063E22C /* Base */,
			);
			name = LaunchScreen.storyboard;
			sourceTree = "<group>";
		};
/* End PBXVariantGroup section */

/* Begin XCBuildConfiguration section */
		A3613223264E2B7F0063E22C /* Debug */ = {
			isa = XCBuildConfiguration;
			buildSettings = {
				ALWAYS_SEARCH_USER_PATHS = NO;
				CLANG_ANALYZER_NONNULL = YES;
				CLANG_ANALYZER_NUMBER_OBJECT_CONVERSION = YES_AGGRESSIVE;
				CLANG_CXX_LANGUAGE_STANDARD = "gnu++14";
				CLANG_CXX_LIBRARY = "libc++";
				CLANG_ENABLE_MODULES = YES;
				CLANG_ENABLE_OBJC_ARC = YES;
				CLANG_ENABLE_OBJC_WEAK = YES;
				CLANG_WARN_BLOCK_CAPTURE_AUTORELEASING = YES;
				CLANG_WARN_BOOL_CONVERSION = YES;
				CLANG_WARN_COMMA = YES;
				CLANG_WARN_CONSTANT_CONVERSION = YES;
				CLANG_WARN_DEPRECATED_OBJC_IMPLEMENTATIONS = YES;
				CLANG_WARN_DIRECT_OBJC_ISA_USAGE = YES_ERROR;
				CLANG_WARN_DOCUMENTATION_COMMENTS = YES;
				CLANG_WARN_EMPTY_BODY = YES;
				CLANG_WARN_ENUM_CONVERSION = YES;
				CLANG_WARN_INFINITE_RECURSION = YES;
				CLANG_WARN_INT_CONVERSION = YES;
				CLANG_WARN_NON_LITERAL_NULL_CONVERSION = YES;
				CLANG_WARN_OBJC_IMPLICIT_RETAIN_SELF = YES;
				CLANG_WARN_OBJC_LITERAL_CONVERSION = YES;
				CLANG_WARN_OBJC_ROOT_CLASS = YES_ERROR;
				CLANG_WARN_QUOTED_INCLUDE_IN_FRAMEWORK_HEADER = YES;
				CLANG_WARN_RANGE_LOOP_ANALYSIS = YES;
				CLANG_WARN_STRICT_PROTOTYPES = YES;
				CLANG_WARN_SUSPICIOUS_MOVE = YES;
				CLANG_WARN_UNGUARDED_AVAILABILITY = YES_AGGRESSIVE;
				CLANG_WARN_UNREACHABLE_CODE = YES;
				CLANG_WARN__DUPLICATE_METHOD_MATCH = YES;
				COPY_PHASE_STRIP = NO;
				DEBUG_INFORMATION_FORMAT = dwarf;
				ENABLE_STRICT_OBJC_MSGSEND = YES;
				ENABLE_TESTABILITY = YES;
				GCC_C_LANGUAGE_STANDARD = gnu11;
				GCC_DYNAMIC_NO_PIC = NO;
				GCC_NO_COMMON_BLOCKS = YES;
				GCC_OPTIMIZATION_LEVEL = 0;
				GCC_PREPROCESSOR_DEFINITIONS = (
					"DEBUG=1",
					"$(inherited)",
				);
				GCC_WARN_64_TO_32_BIT_CONVERSION = YES;
				GCC_WARN_ABOUT_RETURN_TYPE = YES_ERROR;
				GCC_WARN_UNDECLARED_SELECTOR = YES;
				GCC_WARN_UNINITIALIZED_AUTOS = YES_AGGRESSIVE;
				GCC_WARN_UNUSED_FUNCTION = YES;
				GCC_WARN_UNUSED_VARIABLE = YES;
				IPHONEOS_DEPLOYMENT_TARGET = 14.4;
				MTL_ENABLE_DEBUG_INFO = INCLUDE_SOURCE;
				MTL_FAST_MATH = YES;
				ONLY_ACTIVE_ARCH = YES;
				SDKROOT = iphoneos;
				SWIFT_ACTIVE_COMPILATION_CONDITIONS = DEBUG;
				SWIFT_OPTIMIZATION_LEVEL = "-Onone";
			};
			name = Debug;
		};
		A3613224264E2B7F0063E22C /* Release */ = {
			isa = XCBuildConfiguration;
			buildSettings = {
				ALWAYS_SEARCH_USER_PATHS = NO;
				CLANG_ANALYZER_NONNULL = YES;
				CLANG_ANALYZER_NUMBER_OBJECT_CONVERSION = YES_AGGRESSIVE;
				CLANG_CXX_LANGUAGE_STANDARD = "gnu++14";
				CLANG_CXX_LIBRARY = "libc++";
				CLANG_ENABLE_MODULES = YES;
				CLANG_ENABLE_OBJC_ARC = YES;
				CLANG_ENABLE_OBJC_WEAK = YES;
				CLANG_WARN_BLOCK_CAPTURE_AUTORELEASING = YES;
				CLANG_WARN_BOOL_CONVERSION = YES;
				CLANG_WARN_COMMA = YES;
				CLANG_WARN_CONSTANT_CONVERSION = YES;
				CLANG_WARN_DEPRECATED_OBJC_IMPLEMENTATIONS = YES;
				CLANG_WARN_DIRECT_OBJC_ISA_USAGE = YES_ERROR;
				CLANG_WARN_DOCUMENTATION_COMMENTS = YES;
				CLANG_WARN_EMPTY_BODY = YES;
				CLANG_WARN_ENUM_CONVERSION = YES;
				CLANG_WARN_INFINITE_RECURSION = YES;
				CLANG_WARN_INT_CONVERSION = YES;
				CLANG_WARN_NON_LITERAL_NULL_CONVERSION = YES;
				CLANG_WARN_OBJC_IMPLICIT_RETAIN_SELF = YES;
				CLANG_WARN_OBJC_LITERAL_CONVERSION = YES;
				CLANG_WARN_OBJC_ROOT_CLASS = YES_ERROR;
				CLANG_WARN_QUOTED_INCLUDE_IN_FRAMEWORK_HEADER = YES;
				CLANG_WARN_RANGE_LOOP_ANALYSIS = YES;
				CLANG_WARN_STRICT_PROTOTYPES = YES;
				CLANG_WARN_SUSPICIOUS_MOVE = YES;
				CLANG_WARN_UNGUARDED_AVAILABILITY = YES_AGGRESSIVE;
				CLANG_WARN_UNREACHABLE_CODE = YES;
				CLANG_WARN__DUPLICATE_METHOD_MATCH = YES;
				COPY_PHASE_STRIP = NO;
				DEBUG_INFORMATION_FORMAT = "dwarf-with-dsym";
				ENABLE_NS_ASSERTIONS = NO;
				ENABLE_STRICT_OBJC_MSGSEND = YES;
				GCC_C_LANGUAGE_STANDARD = gnu11;
				GCC_NO_COMMON_BLOCKS = YES;
				GCC_WARN_64_TO_32_BIT_CONVERSION = YES;
				GCC_WARN_ABOUT_RETURN_TYPE = YES_ERROR;
				GCC_WARN_UNDECLARED_SELECTOR = YES;
				GCC_WARN_UNINITIALIZED_AUTOS = YES_AGGRESSIVE;
				GCC_WARN_UNUSED_FUNCTION = YES;
				GCC_WARN_UNUSED_VARIABLE = YES;
				IPHONEOS_DEPLOYMENT_TARGET = 14.4;
				MTL_ENABLE_DEBUG_INFO = NO;
				MTL_FAST_MATH = YES;
				SDKROOT = iphoneos;
				SWIFT_COMPILATION_MODE = wholemodule;
				SWIFT_OPTIMIZATION_LEVEL = "-O";
				VALIDATE_PRODUCT = YES;
			};
			name = Release;
		};
		A3613226264E2B7F0063E22C /* Debug */ = {
			isa = XCBuildConfiguration;
			buildSettings = {
				ASSETCATALOG_COMPILER_APPICON_NAME = AppIcon;
				ASSETCATALOG_COMPILER_GLOBAL_ACCENT_COLOR_NAME = AccentColor;
				CODE_SIGN_STYLE = Automatic;
				INFOPLIST_FILE = NewsApp/Info.plist;
				LD_RUNPATH_SEARCH_PATHS = (
					"$(inherited)",
					"@executable_path/Frameworks",
				);
				PRODUCT_BUNDLE_IDENTIFIER = jasonyu.NewsApp;
				PRODUCT_NAME = "$(TARGET_NAME)";
				SWIFT_VERSION = 5.0;
				TARGETED_DEVICE_FAMILY = "1,2";
			};
			name = Debug;
		};
		A3613227264E2B7F0063E22C /* Release */ = {
			isa = XCBuildConfiguration;
			buildSettings = {
				ASSETCATALOG_COMPILER_APPICON_NAME = AppIcon;
				ASSETCATALOG_COMPILER_GLOBAL_ACCENT_COLOR_NAME = AccentColor;
				CODE_SIGN_STYLE = Automatic;
				INFOPLIST_FILE = NewsApp/Info.plist;
				LD_RUNPATH_SEARCH_PATHS = (
					"$(inherited)",
					"@executable_path/Frameworks",
				);
				PRODUCT_BUNDLE_IDENTIFIER = jasonyu.NewsApp;
				PRODUCT_NAME = "$(TARGET_NAME)";
				SWIFT_VERSION = 5.0;
				TARGETED_DEVICE_FAMILY = "1,2";
			};
			name = Release;
		};
		A3613229264E2B7F0063E22C /* Debug */ = {
			isa = XCBuildConfiguration;
			buildSettings = {
				ALWAYS_EMBED_SWIFT_STANDARD_LIBRARIES = YES;
				BUNDLE_LOADER = "$(TEST_HOST)";
				CODE_SIGN_STYLE = Automatic;
				INFOPLIST_FILE = NewsAppTests/Info.plist;
				IPHONEOS_DEPLOYMENT_TARGET = 14.4;
				LD_RUNPATH_SEARCH_PATHS = (
					"$(inherited)",
					"@executable_path/Frameworks",
					"@loader_path/Frameworks",
				);
				PRODUCT_BUNDLE_IDENTIFIER = jasonyu.NewsAppTests;
				PRODUCT_NAME = "$(TARGET_NAME)";
				SWIFT_VERSION = 5.0;
				TARGETED_DEVICE_FAMILY = "1,2";
				TEST_HOST = "$(BUILT_PRODUCTS_DIR)/NewsApp.app/NewsApp";
			};
			name = Debug;
		};
		A361322A264E2B7F0063E22C /* Release */ = {
			isa = XCBuildConfiguration;
			buildSettings = {
				ALWAYS_EMBED_SWIFT_STANDARD_LIBRARIES = YES;
				BUNDLE_LOADER = "$(TEST_HOST)";
				CODE_SIGN_STYLE = Automatic;
				INFOPLIST_FILE = NewsAppTests/Info.plist;
				IPHONEOS_DEPLOYMENT_TARGET = 14.4;
				LD_RUNPATH_SEARCH_PATHS = (
					"$(inherited)",
					"@executable_path/Frameworks",
					"@loader_path/Frameworks",
				);
				PRODUCT_BUNDLE_IDENTIFIER = jasonyu.NewsAppTests;
				PRODUCT_NAME = "$(TARGET_NAME)";
				SWIFT_VERSION = 5.0;
				TARGETED_DEVICE_FAMILY = "1,2";
				TEST_HOST = "$(BUILT_PRODUCTS_DIR)/NewsApp.app/NewsApp";
			};
			name = Release;
		};
		A361322C264E2B7F0063E22C /* Debug */ = {
			isa = XCBuildConfiguration;
			buildSettings = {
				ALWAYS_EMBED_SWIFT_STANDARD_LIBRARIES = YES;
				CODE_SIGN_STYLE = Automatic;
				INFOPLIST_FILE = NewsAppUITests/Info.plist;
				LD_RUNPATH_SEARCH_PATHS = (
					"$(inherited)",
					"@executable_path/Frameworks",
					"@loader_path/Frameworks",
				);
				PRODUCT_BUNDLE_IDENTIFIER = jasonyu.NewsAppUITests;
				PRODUCT_NAME = "$(TARGET_NAME)";
				SWIFT_VERSION = 5.0;
				TARGETED_DEVICE_FAMILY = "1,2";
				TEST_TARGET_NAME = NewsApp;
			};
			name = Debug;
		};
		A361322D264E2B7F0063E22C /* Release */ = {
			isa = XCBuildConfiguration;
			buildSettings = {
				ALWAYS_EMBED_SWIFT_STANDARD_LIBRARIES = YES;
				CODE_SIGN_STYLE = Automatic;
				INFOPLIST_FILE = NewsAppUITests/Info.plist;
				LD_RUNPATH_SEARCH_PATHS = (
					"$(inherited)",
					"@executable_path/Frameworks",
					"@loader_path/Frameworks",
				);
				PRODUCT_BUNDLE_IDENTIFIER = jasonyu.NewsAppUITests;
				PRODUCT_NAME = "$(TARGET_NAME)";
				SWIFT_VERSION = 5.0;
				TARGETED_DEVICE_FAMILY = "1,2";
				TEST_TARGET_NAME = NewsApp;
			};
			name = Release;
		};
/* End XCBuildConfiguration section */

/* Begin XCConfigurationList section */
		A36131F6264E2B7E0063E22C /* Build configuration list for PBXProject "NewsApp" */ = {
			isa = XCConfigurationList;
			buildConfigurations = (
				A3613223264E2B7F0063E22C /* Debug */,
				A3613224264E2B7F0063E22C /* Release */,
			);
			defaultConfigurationIsVisible = 0;
			defaultConfigurationName = Release;
		};
		A3613225264E2B7F0063E22C /* Build configuration list for PBXNativeTarget "NewsApp" */ = {
			isa = XCConfigurationList;
			buildConfigurations = (
				A3613226264E2B7F0063E22C /* Debug */,
				A3613227264E2B7F0063E22C /* Release */,
			);
			defaultConfigurationIsVisible = 0;
			defaultConfigurationName = Release;
		};
		A3613228264E2B7F0063E22C /* Build configuration list for PBXNativeTarget "NewsAppTests" */ = {
			isa = XCConfigurationList;
			buildConfigurations = (
				A3613229264E2B7F0063E22C /* Debug */,
				A361322A264E2B7F0063E22C /* Release */,
			);
			defaultConfigurationIsVisible = 0;
			defaultConfigurationName = Release;
		};
		A361322B264E2B7F0063E22C /* Build configuration list for PBXNativeTarget "NewsAppUITests" */ = {
			isa = XCConfigurationList;
			buildConfigurations = (
				A361322C264E2B7F0063E22C /* Debug */,
				A361322D264E2B7F0063E22C /* Release */,
			);
			defaultConfigurationIsVisible = 0;
			defaultConfigurationName = Release;
		};
/* End XCConfigurationList section */
	};
	rootObject = A36131F3264E2B7E0063E22C /* Project object */;
}
